Microsoft Visual Studio Solution File, Format Version 12.00
# Visual Studio 2012
Project("{FAE04EC0-301F-11D3-BF4B-00C04F79EFBC}") = "SaltarelleBox2dWeb", "SaltarelleBox2dWeb\SaltarelleBox2dWeb.csproj", "{499EEB18-C1FC-4012-BBCC-A71958100800}"
EndProject
Global
	GlobalSection(SolutionConfigurationPlatforms) = preSolution
		Debug|Any CPU = Debug|Any CPU
		Debug|AnyCPU = Debug|AnyCPU
		Debug|Mixed Platforms = Debug|Mixed Platforms
		Release|Any CPU = Release|Any CPU
		Release|AnyCPU = Release|AnyCPU
		Release|Mixed Platforms = Release|Mixed Platforms
	EndGlobalSection
	GlobalSection(ProjectConfigurationPlatforms) = postSolution
		{499EEB18-C1FC-4012-BBCC-A71958100800}.Debug|Any CPU.ActiveCfg = Debug|Any CPU
		{499EEB18-C1FC-4012-BBCC-A71958100800}.Debug|Any CPU.Build.0 = Debug|Any CPU
		{499EEB18-C1FC-4012-BBCC-A71958100800}.Debug|AnyCPU.ActiveCfg = Debug|Any CPU
		{499EEB18-C1FC-4012-BBCC-A71958100800}.Debug|AnyCPU.Build.0 = Debug|Any CPU
		{499EEB18-C1FC-4012-BBCC-A71958100800}.Debug|Mixed Platforms.ActiveCfg = Debug|Any CPU
		{499EEB18-C1FC-4012-BBCC-A71958100800}.Debug|Mixed Platforms.Build.0 = Debug|Any CPU
		{499EEB18-C1FC-4012-BBCC-A71958100800}.Release|Any CPU.ActiveCfg = Release|Any CPU
		{499EEB18-C1FC-4012-BBCC-A71958100800}.Release|Any CPU.Build.0 = Release|Any CPU
		{499EEB18-C1FC-4012-BBCC-A71958100800}.Release|AnyCPU.ActiveCfg = Release|Any CPU
		{499EEB18-C1FC-4012-BBCC-A71958100800}.Release|AnyCPU.Build.0 = Release|Any CPU
		{499EEB18-C1FC-4012-BBCC-A71958100800}.Release|Mixed Platforms.ActiveCfg = Release|Any CPU
		{499EEB18-C1FC-4012-BBCC-A71958100800}.Release|Mixed Platforms.Build.0 = Release|Any CPU
	EndGlobalSection
	GlobalSection(SolutionProperties) = preSolution
		HideSolutionNode = FALSE
	EndGlobalSection
EndGlobal
